{
  "name": "salahor",
  "version": "0.2.0",
  "lockfileVersion": 3,
  "requires": true,
  "packages": {
    "": {
      "name": "salahor",
      "version": "0.2.0",
      "license": "MIT",
      "dependencies": {
        "salahor": "^0.2.0"
      },
      "engines": {
        "node": ">=18"
      }
    },
    "node_modules/salahor": {
      "version": "0.2.0",
      "resolved": "https://registry.npmjs.org/salahor/-/salahor-0.2.0.tgz",
      "integrity": "sha512-aiac8dCWqCkQJ/kEEClkneFGFV9w0GnAr3PBprzOYxVXOEfOadH/VjJPkgY4kTNM/6/YbWSPBF47gqD7Ijg/RQ==",
      "license": "MIT",
      "engines": {
        "node": ">=18"
      }
    }
  }
}
